// !$*UTF8*$!
{
	archiveVersion = 1;
	classes = {
	};
	objectVersion = 46;
	objects = {

/* Begin PBXBuildFile section */
		510754531AE79C2300565C83 /* DLSFTPClient.framework in Frameworks */ = {isa = PBXBuildFile; fileRef = 510754521AE79C2300565C83 /* DLSFTPClient.framework */; };
		510754551AE7A14F00565C83 /* RootNavigationController.swift in Sources */ = {isa = PBXBuildFile; fileRef = 510754541AE7A14F00565C83 /* RootNavigationController.swift */; };
		510754631AE89A5500565C83 /* KLCPopup.framework in Frameworks */ = {isa = PBXBuildFile; fileRef = 510754621AE89A5500565C83 /* KLCPopup.framework */; };
		510754651AE89A5900565C83 /* Snap.framework in Frameworks */ = {isa = PBXBuildFile; fileRef = 510754641AE89A5900565C83 /* Snap.framework */; };
		510754671AE89B9E00565C83 /* LoginView.swift in Sources */ = {isa = PBXBuildFile; fileRef = 510754661AE89B9E00565C83 /* LoginView.swift */; };
		510754691AE89D6100565C83 /* Media.xcassets in Resources */ = {isa = PBXBuildFile; fileRef = 510754681AE89D6100565C83 /* Media.xcassets */; };
		5107546B1AE89E9B00565C83 /* FTPLoginViewController.swift in Sources */ = {isa = PBXBuildFile; fileRef = 5107546A1AE89E9B00565C83 /* FTPLoginViewController.swift */; };
		5107546F1AE8A5C300565C83 /* SettingSectionView.swift in Sources */ = {isa = PBXBuildFile; fileRef = 5107546E1AE8A5C300565C83 /* SettingSectionView.swift */; };
		510754751AE8CB1E00565C83 /* BaseViewController.swift in Sources */ = {isa = PBXBuildFile; fileRef = 510754741AE8CB1E00565C83 /* BaseViewController.swift */; };
		510754771AE8D1CF00565C83 /* ListViewController.swift in Sources */ = {isa = PBXBuildFile; fileRef = 510754761AE8D1CF00565C83 /* ListViewController.swift */; };
		510754791AE8E1C600565C83 /* RefreshView.swift in Sources */ = {isa = PBXBuildFile; fileRef = 510754781AE8E1C600565C83 /* RefreshView.swift */; };
		510BE4261AD64420004D7F05 /* Request.swift in Sources */ = {isa = PBXBuildFile; fileRef = 510BE4251AD64420004D7F05 /* Request.swift */; };
		510BE4281AD647CE004D7F05 /* FTPError.swift in Sources */ = {isa = PBXBuildFile; fileRef = 510BE4271AD647CE004D7F05 /* FTPError.swift */; };
		510BE4361AD6622D004D7F05 /* StreamInfo.swift in Sources */ = {isa = PBXBuildFile; fileRef = 510BE4351AD6622D004D7F05 /* StreamInfo.swift */; };
		512E63A21AE4E5D30028B974 /* Calculation.swift in Sources */ = {isa = PBXBuildFile; fileRef = 512E63A11AE4E5D30028B974 /* Calculation.swift */; };
		516C16781AE9C9A600D7E39C /* FTPManager.m in Sources */ = {isa = PBXBuildFile; fileRef = 516C16771AE9C9A600D7E39C /* FTPManager.m */; };
		516C167A1AE9F05900D7E39C /* FileTypes.xcassets in Resources */ = {isa = PBXBuildFile; fileRef = 516C16791AE9F05900D7E39C /* FileTypes.xcassets */; };
		516C167C1AE9F0CD00D7E39C /* FileTypeManager.swift in Sources */ = {isa = PBXBuildFile; fileRef = 516C167B1AE9F0CD00D7E39C /* FileTypeManager.swift */; };
		51AA3C571AD770DE00930617 /* Extensons.swift in Sources */ = {isa = PBXBuildFile; fileRef = 51AA3C561AD770DE00930617 /* Extensons.swift */; };
		51AA3C591AD772F700930617 /* RequestTest.swift in Sources */ = {isa = PBXBuildFile; fileRef = 51AA3C581AD772F700930617 /* RequestTest.swift */; };
		51AA3C5A1AD7730300930617 /* Request.swift in Sources */ = {isa = PBXBuildFile; fileRef = 510BE4251AD64420004D7F05 /* Request.swift */; };
		51AA3C5B1AD7730F00930617 /* Extensons.swift in Sources */ = {isa = PBXBuildFile; fileRef = 51AA3C561AD770DE00930617 /* Extensons.swift */; };
		51AA3C5C1AD7731200930617 /* StreamInfo.swift in Sources */ = {isa = PBXBuildFile; fileRef = 510BE4351AD6622D004D7F05 /* StreamInfo.swift */; };
		51AA3C5D1AD7731500930617 /* FTPError.swift in Sources */ = {isa = PBXBuildFile; fileRef = 510BE4271AD647CE004D7F05 /* FTPError.swift */; };
		51AA3C5F1AD7BD9800930617 /* ListingRequest.swift in Sources */ = {isa = PBXBuildFile; fileRef = 51AA3C5E1AD7BD9800930617 /* ListingRequest.swift */; };
		51AA3C601AD7BD9800930617 /* ListingRequest.swift in Sources */ = {isa = PBXBuildFile; fileRef = 51AA3C5E1AD7BD9800930617 /* ListingRequest.swift */; };
		E423BFBED273B06910CCF5D1 /* Pods.framework in Frameworks */ = {isa = PBXBuildFile; fileRef = E85B056E8C2495E883448CE1 /* Pods.framework */; settings = {ATTRIBUTES = (Weak, ); }; };
		E92249F31AD402EB001B6A92 /* AppDelegate.swift in Sources */ = {isa = PBXBuildFile; fileRef = E92249F21AD402EB001B6A92 /* AppDelegate.swift */; };
		E92249F51AD402EB001B6A92 /* ViewController.swift in Sources */ = {isa = PBXBuildFile; fileRef = E92249F41AD402EB001B6A92 /* ViewController.swift */; };
		E92249F81AD402EB001B6A92 /* Main.storyboard in Resources */ = {isa = PBXBuildFile; fileRef = E92249F61AD402EB001B6A92 /* Main.storyboard */; };
		E92249FA1AD402EB001B6A92 /* Images.xcassets in Resources */ = {isa = PBXBuildFile; fileRef = E92249F91AD402EB001B6A92 /* Images.xcassets */; };
		E92249FD1AD402EB001B6A92 /* LaunchScreen.xib in Resources */ = {isa = PBXBuildFile; fileRef = E92249FB1AD402EB001B6A92 /* LaunchScreen.xib */; };
		E9224A091AD402EB001B6A92 /* FtpClientTests.swift in Sources */ = {isa = PBXBuildFile; fileRef = E9224A081AD402EB001B6A92 /* FtpClientTests.swift */; };
		E9224A131AD403A6001B6A92 /* CFNetwork.framework in Frameworks */ = {isa = PBXBuildFile; fileRef = E9224A121AD403A6001B6A92 /* CFNetwork.framework */; };
/* End PBXBuildFile section */

/* Begin PBXContainerItemProxy section */
		E9224A031AD402EB001B6A92 /* PBXContainerItemProxy */ = {
			isa = PBXContainerItemProxy;
			containerPortal = E92249E51AD402EB001B6A92 /* Project object */;
			proxyType = 1;
			remoteGlobalIDString = E92249EC1AD402EB001B6A92;
			remoteInfo = FtpClient;
		};
/* End PBXContainerItemProxy section */

/* Begin PBXFileReference section */
		4FA4C460F6398E91A23BD5BE /* Pods.release.xcconfig */ = {isa = PBXFileReference; includeInIndex = 1; lastKnownFileType = text.xcconfig; name = Pods.release.xcconfig; path = "Pods/Target Support Files/Pods/Pods.release.xcconfig"; sourceTree = "<group>"; };
		510754521AE79C2300565C83 /* DLSFTPClient.framework */ = {isa = PBXFileReference; lastKnownFileType = wrapper.framework; name = DLSFTPClient.framework; path = "Pods/../build/Debug-iphoneos/Pods/DLSFTPClient.framework"; sourceTree = "<group>"; };
		510754541AE7A14F00565C83 /* RootNavigationController.swift */ = {isa = PBXFileReference; fileEncoding = 4; lastKnownFileType = sourcecode.swift; path = RootNavigationController.swift; sourceTree = "<group>"; };
		510754621AE89A5500565C83 /* KLCPopup.framework */ = {isa = PBXFileReference; lastKnownFileType = wrapper.framework; name = KLCPopup.framework; path = "Pods/../build/Debug-iphoneos/Pods/KLCPopup.framework"; sourceTree = "<group>"; };
		510754641AE89A5900565C83 /* Snap.framework */ = {isa = PBXFileReference; lastKnownFileType = wrapper.framework; name = Snap.framework; path = "Pods/../build/Debug-iphoneos/Pods/Snap.framework"; sourceTree = "<group>"; };
		510754661AE89B9E00565C83 /* LoginView.swift */ = {isa = PBXFileReference; fileEncoding = 4; lastKnownFileType = sourcecode.swift; path = LoginView.swift; sourceTree = "<group>"; };
		510754681AE89D6100565C83 /* Media.xcassets */ = {isa = PBXFileReference; lastKnownFileType = folder.assetcatalog; path = Media.xcassets; sourceTree = "<group>"; };
		5107546A1AE89E9B00565C83 /* FTPLoginViewController.swift */ = {isa = PBXFileReference; fileEncoding = 4; lastKnownFileType = sourcecode.swift; path = FTPLoginViewController.swift; sourceTree = "<group>"; };
		5107546E1AE8A5C300565C83 /* SettingSectionView.swift */ = {isa = PBXFileReference; fileEncoding = 4; lastKnownFileType = sourcecode.swift; name = SettingSectionView.swift; path = Widgets/SettingSectionView.swift; sourceTree = "<group>"; };
		510754741AE8CB1E00565C83 /* BaseViewController.swift */ = {isa = PBXFileReference; fileEncoding = 4; lastKnownFileType = sourcecode.swift; path = BaseViewController.swift; sourceTree = "<group>"; };
		510754761AE8D1CF00565C83 /* ListViewController.swift */ = {isa = PBXFileReference; fileEncoding = 4; lastKnownFileType = sourcecode.swift; path = ListViewController.swift; sourceTree = "<group>"; };
		510754781AE8E1C600565C83 /* RefreshView.swift */ = {isa = PBXFileReference; fileEncoding = 4; lastKnownFileType = sourcecode.swift; name = RefreshView.swift; path = Widgets/RefreshView.swift; sourceTree = "<group>"; };
		510BE4251AD64420004D7F05 /* Request.swift */ = {isa = PBXFileReference; fileEncoding = 4; lastKnownFileType = sourcecode.swift; name = Request.swift; path = FTPManager/Requests/Request.swift; sourceTree = "<group>"; };
		510BE4271AD647CE004D7F05 /* FTPError.swift */ = {isa = PBXFileReference; fileEncoding = 4; lastKnownFileType = sourcecode.swift; name = FTPError.swift; path = FTPManager/Utils/FTPError.swift; sourceTree = "<group>"; };
		510BE4351AD6622D004D7F05 /* StreamInfo.swift */ = {isa = PBXFileReference; fileEncoding = 4; lastKnownFileType = sourcecode.swift; name = StreamInfo.swift; path = FTPManager/Utils/StreamInfo.swift; sourceTree = "<group>"; };
		512E63A11AE4E5D30028B974 /* Calculation.swift */ = {isa = PBXFileReference; fileEncoding = 4; lastKnownFileType = sourcecode.swift; path = Calculation.swift; sourceTree = "<group>"; };
		516A78F91AE79AB4004ACF97 /* AFNetworking.framework */ = {isa = PBXFileReference; lastKnownFileType = wrapper.framework; name = AFNetworking.framework; path = "Pods/../build/Debug-iphoneos/Pods/AFNetworking.framework"; sourceTree = "<group>"; };
		516A78FB1AE79AB8004ACF97 /* FTPManager.framework */ = {isa = PBXFileReference; lastKnownFileType = wrapper.framework; name = FTPManager.framework; path = "Pods/../build/Debug-iphoneos/Pods/FTPManager.framework"; sourceTree = "<group>"; };
		516A78FD1AE79ABE004ACF97 /* FLKAutoLayout.framework */ = {isa = PBXFileReference; lastKnownFileType = wrapper.framework; name = FLKAutoLayout.framework; path = "Pods/../build/Debug-iphoneos/Pods/FLKAutoLayout.framework"; sourceTree = "<group>"; };
		516A78FF1AE79AC2004ACF97 /* ORStackView.framework */ = {isa = PBXFileReference; lastKnownFileType = wrapper.framework; name = ORStackView.framework; path = "Pods/../build/Debug-iphoneos/Pods/ORStackView.framework"; sourceTree = "<group>"; };
		516A79011AE79AC6004ACF97 /* SwiftyJSON.framework */ = {isa = PBXFileReference; lastKnownFileType = wrapper.framework; name = SwiftyJSON.framework; path = "Pods/../build/Debug-iphoneos/Pods/SwiftyJSON.framework"; sourceTree = "<group>"; };
		516C16751AE9C9A600D7E39C /* FtpClient-Bridging-Header.h */ = {isa = PBXFileReference; lastKnownFileType = sourcecode.c.h; path = "FtpClient-Bridging-Header.h"; sourceTree = "<group>"; };
		516C16761AE9C9A600D7E39C /* FTPManager.h */ = {isa = PBXFileReference; fileEncoding = 4; lastKnownFileType = sourcecode.c.h; name = FTPManager.h; path = FTPManager/FTPManager.h; sourceTree = "<group>"; };
		516C16771AE9C9A600D7E39C /* FTPManager.m */ = {isa = PBXFileReference; fileEncoding = 4; lastKnownFileType = sourcecode.c.objc; name = FTPManager.m; path = FTPManager/FTPManager.m; sourceTree = "<group>"; };
		516C16791AE9F05900D7E39C /* FileTypes.xcassets */ = {isa = PBXFileReference; lastKnownFileType = folder.assetcatalog; path = FileTypes.xcassets; sourceTree = "<group>"; };
		516C167B1AE9F0CD00D7E39C /* FileTypeManager.swift */ = {isa = PBXFileReference; fileEncoding = 4; lastKnownFileType = sourcecode.swift; name = FileTypeManager.swift; path = Utils/FileTypeManager.swift; sourceTree = "<group>"; };
		51AA3C561AD770DE00930617 /* Extensons.swift */ = {isa = PBXFileReference; fileEncoding = 4; lastKnownFileType = sourcecode.swift; name = Extensons.swift; path = FTPManager/Utils/Extensons.swift; sourceTree = "<group>"; };
		51AA3C581AD772F700930617 /* RequestTest.swift */ = {isa = PBXFileReference; fileEncoding = 4; lastKnownFileType = sourcecode.swift; path = RequestTest.swift; sourceTree = "<group>"; };
		51AA3C5E1AD7BD9800930617 /* ListingRequest.swift */ = {isa = PBXFileReference; fileEncoding = 4; lastKnownFileType = sourcecode.swift; name = ListingRequest.swift; path = FTPManager/Requests/ListingRequest.swift; sourceTree = "<group>"; };
		87878505B9469CB0AF46669B /* Pods.debug.xcconfig */ = {isa = PBXFileReference; includeInIndex = 1; lastKnownFileType = text.xcconfig; name = Pods.debug.xcconfig; path = "Pods/Target Support Files/Pods/Pods.debug.xcconfig"; sourceTree = "<group>"; };
		E85B056E8C2495E883448CE1 /* Pods.framework */ = {isa = PBXFileReference; explicitFileType = wrapper.framework; includeInIndex = 0; path = Pods.framework; sourceTree = BUILT_PRODUCTS_DIR; };
		E92249ED1AD402EB001B6A92 /* FtpClient.app */ = {isa = PBXFileReference; explicitFileType = wrapper.application; includeInIndex = 0; path = FtpClient.app; sourceTree = BUILT_PRODUCTS_DIR; };
		E92249F11AD402EB001B6A92 /* Info.plist */ = {isa = PBXFileReference; lastKnownFileType = text.plist.xml; path = Info.plist; sourceTree = "<group>"; };
		E92249F21AD402EB001B6A92 /* AppDelegate.swift */ = {isa = PBXFileReference; lastKnownFileType = sourcecode.swift; path = AppDelegate.swift; sourceTree = "<group>"; };
		E92249F41AD402EB001B6A92 /* ViewController.swift */ = {isa = PBXFileReference; lastKnownFileType = sourcecode.swift; path = ViewController.swift; sourceTree = "<group>"; };
		E92249F71AD402EB001B6A92 /* Base */ = {isa = PBXFileReference; lastKnownFileType = file.storyboard; name = Base; path = Base.lproj/Main.storyboard; sourceTree = "<group>"; };
		E92249F91AD402EB001B6A92 /* Images.xcassets */ = {isa = PBXFileReference; lastKnownFileType = folder.assetcatalog; path = Images.xcassets; sourceTree = "<group>"; };
		E92249FC1AD402EB001B6A92 /* Base */ = {isa = PBXFileReference; lastKnownFileType = file.xib; name = Base; path = Base.lproj/LaunchScreen.xib; sourceTree = "<group>"; };
		E9224A021AD402EB001B6A92 /* FtpClientTests.xctest */ = {isa = PBXFileReference; explicitFileType = wrapper.cfbundle; includeInIndex = 0; path = FtpClientTests.xctest; sourceTree = BUILT_PRODUCTS_DIR; };
		E9224A071AD402EB001B6A92 /* Info.plist */ = {isa = PBXFileReference; lastKnownFileType = text.plist.xml; path = Info.plist; sourceTree = "<group>"; };
		E9224A081AD402EB001B6A92 /* FtpClientTests.swift */ = {isa = PBXFileReference; lastKnownFileType = sourcecode.swift; path = FtpClientTests.swift; sourceTree = "<group>"; };
		E9224A121AD403A6001B6A92 /* CFNetwork.framework */ = {isa = PBXFileReference; lastKnownFileType = wrapper.framework; name = CFNetwork.framework; path = System/Library/Frameworks/CFNetwork.framework; sourceTree = SDKROOT; };
/* End PBXFileReference section */

/* Begin PBXFrameworksBuildPhase section */
		E92249EA1AD402EB001B6A92 /* Frameworks */ = {
			isa = PBXFrameworksBuildPhase;
			buildActionMask = 2147483647;
			files = (
				510754651AE89A5900565C83 /* Snap.framework in Frameworks */,
				510754631AE89A5500565C83 /* KLCPopup.framework in Frameworks */,
				510754531AE79C2300565C83 /* DLSFTPClient.framework in Frameworks */,
				E9224A131AD403A6001B6A92 /* CFNetwork.framework in Frameworks */,
				E423BFBED273B06910CCF5D1 /* Pods.framework in Frameworks */,
			);
			runOnlyForDeploymentPostprocessing = 0;
		};
		E92249FF1AD402EB001B6A92 /* Frameworks */ = {
			isa = PBXFrameworksBuildPhase;
			buildActionMask = 2147483647;
			files = (
			);
			runOnlyForDeploymentPostprocessing = 0;
		};
/* End PBXFrameworksBuildPhase section */

/* Begin PBXGroup section */
		43D210C299C479F61F78F7E7 /* Pods */ = {
			isa = PBXGroup;
			children = (
				87878505B9469CB0AF46669B /* Pods.debug.xcconfig */,
				4FA4C460F6398E91A23BD5BE /* Pods.release.xcconfig */,
			);
			name = Pods;
			sourceTree = "<group>";
		};
		5107546C1AE8A4E800565C83 /* Utils */ = {
			isa = PBXGroup;
			children = (
				516C167B1AE9F0CD00D7E39C /* FileTypeManager.swift */,
			);
			name = Utils;
			sourceTree = "<group>";
		};
		5107546D1AE8A55600565C83 /* Widgets */ = {
			isa = PBXGroup;
			children = (
				5107546E1AE8A5C300565C83 /* SettingSectionView.swift */,
				510754781AE8E1C600565C83 /* RefreshView.swift */,
			);
			name = Widgets;
			sourceTree = "<group>";
		};
		510BE4201AD642A1004D7F05 /* FTPManager */ = {
			isa = PBXGroup;
			children = (
				510BE4241AD64330004D7F05 /* Utils */,
				510BE4231AD6430E004D7F05 /* Requests */,
				516C16761AE9C9A600D7E39C /* FTPManager.h */,
				516C16771AE9C9A600D7E39C /* FTPManager.m */,
				516C16751AE9C9A600D7E39C /* FtpClient-Bridging-Header.h */,
			);
			name = FTPManager;
			sourceTree = "<group>";
		};
		510BE4231AD6430E004D7F05 /* Requests */ = {
			isa = PBXGroup;
			children = (
				510BE4251AD64420004D7F05 /* Request.swift */,
				51AA3C5E1AD7BD9800930617 /* ListingRequest.swift */,
			);
			name = Requests;
			sourceTree = "<group>";
		};
		510BE4241AD64330004D7F05 /* Utils */ = {
			isa = PBXGroup;
			children = (
				512E63A11AE4E5D30028B974 /* Calculation.swift */,
				510BE4271AD647CE004D7F05 /* FTPError.swift */,
				510BE4351AD6622D004D7F05 /* StreamInfo.swift */,
				51AA3C561AD770DE00930617 /* Extensons.swift */,
			);
			name = Utils;
			sourceTree = "<group>";
		};
		E92249E41AD402EB001B6A92 = {
			isa = PBXGroup;
			children = (
				510BE4201AD642A1004D7F05 /* FTPManager */,
				E9224A141AD403AD001B6A92 /* Frameworks */,
				E92249EF1AD402EB001B6A92 /* FtpClient */,
				E9224A051AD402EB001B6A92 /* FtpClientTests */,
				E92249EE1AD402EB001B6A92 /* Products */,
				43D210C299C479F61F78F7E7 /* Pods */,
			);
			sourceTree = "<group>";
		};
		E92249EE1AD402EB001B6A92 /* Products */ = {
			isa = PBXGroup;
			children = (
				E92249ED1AD402EB001B6A92 /* FtpClient.app */,
				E9224A021AD402EB001B6A92 /* FtpClientTests.xctest */,
			);
			name = Products;
			sourceTree = "<group>";
		};
		E92249EF1AD402EB001B6A92 /* FtpClient */ = {
			isa = PBXGroup;
			children = (
				5107546D1AE8A55600565C83 /* Widgets */,
				5107546C1AE8A4E800565C83 /* Utils */,
				E92249F21AD402EB001B6A92 /* AppDelegate.swift */,
				510754541AE7A14F00565C83 /* RootNavigationController.swift */,
				E92249F41AD402EB001B6A92 /* ViewController.swift */,
				510754661AE89B9E00565C83 /* LoginView.swift */,
				5107546A1AE89E9B00565C83 /* FTPLoginViewController.swift */,
				510754761AE8D1CF00565C83 /* ListViewController.swift */,
				510754741AE8CB1E00565C83 /* BaseViewController.swift */,
				E92249F61AD402EB001B6A92 /* Main.storyboard */,
				E92249F91AD402EB001B6A92 /* Images.xcassets */,
				E92249FB1AD402EB001B6A92 /* LaunchScreen.xib */,
				E92249F01AD402EB001B6A92 /* Supporting Files */,
				510754681AE89D6100565C83 /* Media.xcassets */,
				516C16791AE9F05900D7E39C /* FileTypes.xcassets */,
			);
			path = FtpClient;
			sourceTree = "<group>";
		};
		E92249F01AD402EB001B6A92 /* Supporting Files */ = {
			isa = PBXGroup;
			children = (
				E92249F11AD402EB001B6A92 /* Info.plist */,
			);
			name = "Supporting Files";
			sourceTree = "<group>";
		};
		E9224A051AD402EB001B6A92 /* FtpClientTests */ = {
			isa = PBXGroup;
			children = (
				E9224A081AD402EB001B6A92 /* FtpClientTests.swift */,
				E9224A061AD402EB001B6A92 /* Supporting Files */,
				51AA3C581AD772F700930617 /* RequestTest.swift */,
			);
			path = FtpClientTests;
			sourceTree = "<group>";
		};
		E9224A061AD402EB001B6A92 /* Supporting Files */ = {
			isa = PBXGroup;
			children = (
				E9224A071AD402EB001B6A92 /* Info.plist */,
			);
			name = "Supporting Files";
			sourceTree = "<group>";
		};
		E9224A141AD403AD001B6A92 /* Frameworks */ = {
			isa = PBXGroup;
			children = (
				510754641AE89A5900565C83 /* Snap.framework */,
				510754621AE89A5500565C83 /* KLCPopup.framework */,
				510754521AE79C2300565C83 /* DLSFTPClient.framework */,
				516A79011AE79AC6004ACF97 /* SwiftyJSON.framework */,
				516A78FF1AE79AC2004ACF97 /* ORStackView.framework */,
				516A78FD1AE79ABE004ACF97 /* FLKAutoLayout.framework */,
				516A78FB1AE79AB8004ACF97 /* FTPManager.framework */,
				516A78F91AE79AB4004ACF97 /* AFNetworking.framework */,
				E9224A121AD403A6001B6A92 /* CFNetwork.framework */,
				E85B056E8C2495E883448CE1 /* Pods.framework */,
			);
			name = Frameworks;
			sourceTree = "<group>";
		};
/* End PBXGroup section */

/* Begin PBXNativeTarget section */
		E92249EC1AD402EB001B6A92 /* FtpClient */ = {
			isa = PBXNativeTarget;
			buildConfigurationList = E9224A0C1AD402EB001B6A92 /* Build configuration list for PBXNativeTarget "FtpClient" */;
			buildPhases = (
				AB8E4685851A2BE78FB4625B /* Check Pods Manifest.lock */,
				E92249E91AD402EB001B6A92 /* Sources */,
				E92249EA1AD402EB001B6A92 /* Frameworks */,
				E92249EB1AD402EB001B6A92 /* Resources */,
				BD3FFAB65B3536D6E070414A /* Embed Pods Frameworks */,
				1C8574BA64E71F4AAE0B0D12 /* Copy Pods Resources */,
			);
			buildRules = (
			);
			dependencies = (
			);
			name = FtpClient;
			productName = FtpClient;
			productReference = E92249ED1AD402EB001B6A92 /* FtpClient.app */;
			productType = "com.apple.product-type.application";
		};
		E9224A011AD402EB001B6A92 /* FtpClientTests */ = {
			isa = PBXNativeTarget;
			buildConfigurationList = E9224A0F1AD402EB001B6A92 /* Build configuration list for PBXNativeTarget "FtpClientTests" */;
			buildPhases = (
				E92249FE1AD402EB001B6A92 /* Sources */,
				E92249FF1AD402EB001B6A92 /* Frameworks */,
				E9224A001AD402EB001B6A92 /* Resources */,
			);
			buildRules = (
			);
			dependencies = (
				E9224A041AD402EB001B6A92 /* PBXTargetDependency */,
			);
			name = FtpClientTests;
			productName = FtpClientTests;
			productReference = E9224A021AD402EB001B6A92 /* FtpClientTests.xctest */;
			productType = "com.apple.product-type.bundle.unit-test";
		};
/* End PBXNativeTarget section */

/* Begin PBXProject section */
		E92249E51AD402EB001B6A92 /* Project object */ = {
			isa = PBXProject;
			attributes = {
				LastUpgradeCheck = 0630;
				ORGANIZATIONNAME = ZhouZeyong;
				TargetAttributes = {
					E92249EC1AD402EB001B6A92 = {
						CreatedOnToolsVersion = 6.3;
						DevelopmentTeam = 5ZT64D7ZTC;
					};
					E9224A011AD402EB001B6A92 = {
						CreatedOnToolsVersion = 6.3;
						TestTargetID = E92249EC1AD402EB001B6A92;
					};
				};
			};
			buildConfigurationList = E92249E81AD402EB001B6A92 /* Build configuration list for PBXProject "FtpClient" */;
			compatibilityVersion = "Xcode 3.2";
			developmentRegion = English;
			hasScannedForEncodings = 0;
			knownRegions = (
				en,
				Base,
			);
			mainGroup = E92249E41AD402EB001B6A92;
			productRefGroup = E92249EE1AD402EB001B6A92 /* Products */;
			projectDirPath = "";
			projectRoot = "";
			targets = (
				E92249EC1AD402EB001B6A92 /* FtpClient */,
				E9224A011AD402EB001B6A92 /* FtpClientTests */,
			);
		};
/* End PBXProject section */

/* Begin PBXResourcesBuildPhase section */
		E92249EB1AD402EB001B6A92 /* Resources */ = {
			isa = PBXResourcesBuildPhase;
			buildActionMask = 2147483647;
			files = (
				E92249F81AD402EB001B6A92 /* Main.storyboard in Resources */,
				E92249FD1AD402EB001B6A92 /* LaunchScreen.xib in Resources */,
				510754691AE89D6100565C83 /* Media.xcassets in Resources */,
				E92249FA1AD402EB001B6A92 /* Images.xcassets in Resources */,
				516C167A1AE9F05900D7E39C /* FileTypes.xcassets in Resources */,
			);
			runOnlyForDeploymentPostprocessing = 0;
		};
		E9224A001AD402EB001B6A92 /* Resources */ = {
			isa = PBXResourcesBuildPhase;
			buildActionMask = 2147483647;
			files = (
			);
			runOnlyForDeploymentPostprocessing = 0;
		};
/* End PBXResourcesBuildPhase section */

/* Begin PBXShellScriptBuildPhase section */
		1C8574BA64E71F4AAE0B0D12 /* Copy Pods Resources */ = {
			isa = PBXShellScriptBuildPhase;
			buildActionMask = 2147483647;
			files = (
			);
			inputPaths = (
			);
			name = "Copy Pods Resources";
			outputPaths = (
			);
			runOnlyForDeploymentPostprocessing = 0;
			shellPath = /bin/sh;
			shellScript = "\"${SRCROOT}/Pods/Target Support Files/Pods/Pods-resources.sh\"\n";
			showEnvVarsInLog = 0;
		};
		AB8E4685851A2BE78FB4625B /* Check Pods Manifest.lock */ = {
			isa = PBXShellScriptBuildPhase;
			buildActionMask = 2147483647;
			files = (
			);
			inputPaths = (
			);
			name = "Check Pods Manifest.lock";
			outputPaths = (
			);
			runOnlyForDeploymentPostprocessing = 0;
			shellPath = /bin/sh;
			shellScript = "diff \"${PODS_ROOT}/../Podfile.lock\" \"${PODS_ROOT}/Manifest.lock\" > /dev/null\nif [[ $? != 0 ]] ; then\n    cat << EOM\nerror: The sandbox is not in sync with the Podfile.lock. Run 'pod install' or update your CocoaPods installation.\nEOM\n    exit 1\nfi\n";
			showEnvVarsInLog = 0;
		};
		BD3FFAB65B3536D6E070414A /* Embed Pods Frameworks */ = {
			isa = PBXShellScriptBuildPhase;
			buildActionMask = 2147483647;
			files = (
			);
			inputPaths = (
			);
			name = "Embed Pods Frameworks";
			outputPaths = (
			);
			runOnlyForDeploymentPostprocessing = 0;
			shellPath = /bin/sh;
			shellScript = "\"${SRCROOT}/Pods/Target Support Files/Pods/Pods-frameworks.sh\"\n";
			showEnvVarsInLog = 0;
		};
/* End PBXShellScriptBuildPhase section */

/* Begin PBXSourcesBuildPhase section */
		E92249E91AD402EB001B6A92 /* Sources */ = {
			isa = PBXSourcesBuildPhase;
			buildActionMask = 2147483647;
			files = (
				510BE4281AD647CE004D7F05 /* FTPError.swift in Sources */,
				5107546B1AE89E9B00565C83 /* FTPLoginViewController.swift in Sources */,
				512E63A21AE4E5D30028B974 /* Calculation.swift in Sources */,
				E92249F51AD402EB001B6A92 /* ViewController.swift in Sources */,
				510754551AE7A14F00565C83 /* RootNavigationController.swift in Sources */,
				510754751AE8CB1E00565C83 /* BaseViewController.swift in Sources */,
				510754791AE8E1C600565C83 /* RefreshView.swift in Sources */,
				510754771AE8D1CF00565C83 /* ListViewController.swift in Sources */,
				51AA3C5F1AD7BD9800930617 /* ListingRequest.swift in Sources */,
				516C167C1AE9F0CD00D7E39C /* FileTypeManager.swift in Sources */,
				510BE4261AD64420004D7F05 /* Request.swift in Sources */,
				5107546F1AE8A5C300565C83 /* SettingSectionView.swift in Sources */,
				51AA3C571AD770DE00930617 /* Extensons.swift in Sources */,
				516C16781AE9C9A600D7E39C /* FTPManager.m in Sources */,
				510BE4361AD6622D004D7F05 /* StreamInfo.swift in Sources */,
				510754671AE89B9E00565C83 /* LoginView.swift in Sources */,
				E92249F31AD402EB001B6A92 /* AppDelegate.swift in Sources */,
			);
			runOnlyForDeploymentPostprocessing = 0;
		};
		E92249FE1AD402EB001B6A92 /* Sources */ = {
			isa = PBXSourcesBuildPhase;
			buildActionMask = 2147483647;
			files = (
				51AA3C5C1AD7731200930617 /* StreamInfo.swift in Sources */,
				51AA3C5D1AD7731500930617 /* FTPError.swift in Sources */,
				51AA3C601AD7BD9800930617 /* ListingRequest.swift in Sources */,
				E9224A091AD402EB001B6A92 /* FtpClientTests.swift in Sources */,
				51AA3C5B1AD7730F00930617 /* Extensons.swift in Sources */,
				51AA3C5A1AD7730300930617 /* Request.swift in Sources */,
				51AA3C591AD772F700930617 /* RequestTest.swift in Sources */,
			);
			runOnlyForDeploymentPostprocessing = 0;
		};
/* End PBXSourcesBuildPhase section */

/* Begin PBXTargetDependency section */
		E9224A041AD402EB001B6A92 /* PBXTargetDependency */ = {
			isa = PBXTargetDependency;
			target = E92249EC1AD402EB001B6A92 /* FtpClient */;
			targetProxy = E9224A031AD402EB001B6A92 /* PBXContainerItemProxy */;
		};
/* End PBXTargetDependency section */

/* Begin PBXVariantGroup section */
		E92249F61AD402EB001B6A92 /* Main.storyboard */ = {
			isa = PBXVariantGroup;
			children = (
				E92249F71AD402EB001B6A92 /* Base */,
			);
			name = Main.storyboard;
			sourceTree = "<group>";
		};
		E92249FB1AD402EB001B6A92 /* LaunchScreen.xib */ = {
			isa = PBXVariantGroup;
			children = (
				E92249FC1AD402EB001B6A92 /* Base */,
			);
			name = LaunchScreen.xib;
			sourceTree = "<group>";
		};
/* End PBXVariantGroup section */

/* Begin XCBuildConfiguration section */
		E9224A0A1AD402EB001B6A92 /* Debug */ = {
			isa = XCBuildConfiguration;
			buildSettings = {
				ALWAYS_SEARCH_USER_PATHS = NO;
				CLANG_CXX_LANGUAGE_STANDARD = "gnu++0x";
				CLANG_CXX_LIBRARY = "libc++";
				CLANG_ENABLE_MODULES = YES;
				CLANG_ENABLE_OBJC_ARC = YES;
				CLANG_WARN_BOOL_CONVERSION = YES;
				CLANG_WARN_CONSTANT_CONVERSION = YES;
				CLANG_WARN_DIRECT_OBJC_ISA_USAGE = YES_ERROR;
				CLANG_WARN_EMPTY_BODY = YES;
				CLANG_WARN_ENUM_CONVERSION = YES;
				CLANG_WARN_INT_CONVERSION = YES;
				CLANG_WARN_OBJC_ROOT_CLASS = YES_ERROR;
				CLANG_WARN_UNREACHABLE_CODE = YES;
				CLANG_WARN__DUPLICATE_METHOD_MATCH = YES;
				"CODE_SIGN_IDENTITY[sdk=iphoneos*]" = "iPhone Developer";
				COPY_PHASE_STRIP = NO;
				DEBUG_INFORMATION_FORMAT = dwarf;
				ENABLE_STRICT_OBJC_MSGSEND = YES;
				GCC_C_LANGUAGE_STANDARD = gnu99;
				GCC_DYNAMIC_NO_PIC = NO;
				GCC_OPTIMIZATION_LEVEL = 0;
				GCC_PREPROCESSOR_DEFINITIONS = (
					"DEBUG=1",
					"$(inherited)",
				);
				GCC_SYMBOLS_PRIVATE_EXTERN = NO;
				GCC_WARN_64_TO_32_BIT_CONVERSION = YES;
				GCC_WARN_ABOUT_RETURN_TYPE = YES_ERROR;
				GCC_WARN_UNDECLARED_SELECTOR = YES;
				GCC_WARN_UNINITIALIZED_AUTOS = YES_AGGRESSIVE;
				GCC_WARN_UNUSED_FUNCTION = YES;
				GCC_WARN_UNUSED_VARIABLE = YES;
				IPHONEOS_DEPLOYMENT_TARGET = 8.3;
				MTL_ENABLE_DEBUG_INFO = YES;
				ONLY_ACTIVE_ARCH = YES;
				SDKROOT = iphoneos;
				SWIFT_OPTIMIZATION_LEVEL = "-Onone";
				TARGETED_DEVICE_FAMILY = "1,2";
			};
			name = Debug;
		};
		E9224A0B1AD402EB001B6A92 /* Release */ = {
			isa = XCBuildConfiguration;
			buildSettings = {
				ALWAYS_SEARCH_USER_PATHS = NO;
				CLANG_CXX_LANGUAGE_STANDARD = "gnu++0x";
				CLANG_CXX_LIBRARY = "libc++";
				CLANG_ENABLE_MODULES = YES;
				CLANG_ENABLE_OBJC_ARC = YES;
				CLANG_WARN_BOOL_CONVERSION = YES;
				CLANG_WARN_CONSTANT_CONVERSION = YES;
				CLANG_WARN_DIRECT_OBJC_ISA_USAGE = YES_ERROR;
				CLANG_WARN_EMPTY_BODY = YES;
				CLANG_WARN_ENUM_CONVERSION = YES;
				CLANG_WARN_INT_CONVERSION = YES;
				CLANG_WARN_OBJC_ROOT_CLASS = YES_ERROR;
				CLANG_WARN_UNREACHABLE_CODE = YES;
				CLANG_WARN__DUPLICATE_METHOD_MATCH = YES;
				"CODE_SIGN_IDENTITY[sdk=iphoneos*]" = "iPhone Developer";
				COPY_PHASE_STRIP = NO;
				DEBUG_INFORMATION_FORMAT = "dwarf-with-dsym";
				ENABLE_NS_ASSERTIONS = NO;
				ENABLE_STRICT_OBJC_MSGSEND = YES;
				GCC_C_LANGUAGE_STANDARD = gnu99;
				GCC_WARN_64_TO_32_BIT_CONVERSION = YES;
				GCC_WARN_ABOUT_RETURN_TYPE = YES_ERROR;
				GCC_WARN_UNDECLARED_SELECTOR = YES;
				GCC_WARN_UNINITIALIZED_AUTOS = YES_AGGRESSIVE;
				GCC_WARN_UNUSED_FUNCTION = YES;
				GCC_WARN_UNUSED_VARIABLE = YES;
				IPHONEOS_DEPLOYMENT_TARGET = 8.3;
				MTL_ENABLE_DEBUG_INFO = NO;
				SDKROOT = iphoneos;
				TARGETED_DEVICE_FAMILY = "1,2";
				VALIDATE_PRODUCT = YES;
			};
			name = Release;
		};
		E9224A0D1AD402EB001B6A92 /* Debug */ = {
			isa = XCBuildConfiguration;
			baseConfigurationReference = 87878505B9469CB0AF46669B /* Pods.debug.xcconfig */;
			buildSettings = {
				ASSETCATALOG_COMPILER_APPICON_NAME = AppIcon;
				CLANG_ENABLE_MODULES = YES;
				CODE_SIGN_IDENTITY = "iPhone Developer";
				FRAMEWORK_SEARCH_PATHS = (
					"$(inherited)",
					"$(PROJECT_DIR)/build/Debug-iphoneos/Pods",
				);
				INFOPLIST_FILE = FtpClient/Info.plist;
				IPHONEOS_DEPLOYMENT_TARGET = 8.0;
				LD_RUNPATH_SEARCH_PATHS = "$(inherited) @executable_path/Frameworks";
				PRODUCT_NAME = "$(TARGET_NAME)";
				SWIFT_OBJC_BRIDGING_HEADER = "FtpClient-Bridging-Header.h";
				SWIFT_OPTIMIZATION_LEVEL = "-Onone";
			};
			name = Debug;
		};
		E9224A0E1AD402EB001B6A92 /* Release */ = {
			isa = XCBuildConfiguration;
			baseConfigurationReference = 4FA4C460F6398E91A23BD5BE /* Pods.release.xcconfig */;
			buildSettings = {
				ASSETCATALOG_COMPILER_APPICON_NAME = AppIcon;
				CLANG_ENABLE_MODULES = YES;
				CODE_SIGN_IDENTITY = "iPhone Developer";
				FRAMEWORK_SEARCH_PATHS = (
					"$(inherited)",
					"$(PROJECT_DIR)/build/Debug-iphoneos/Pods",
				);
				INFOPLIST_FILE = FtpClient/Info.plist;
				IPHONEOS_DEPLOYMENT_TARGET = 8.0;
				LD_RUNPATH_SEARCH_PATHS = "$(inherited) @executable_path/Frameworks";
				PRODUCT_NAME = "$(TARGET_NAME)";
				SWIFT_OBJC_BRIDGING_HEADER = "FtpClient-Bridging-Header.h";
			};
			name = Release;
		};
		E9224A101AD402EB001B6A92 /* Debug */ = {
			isa = XCBuildConfiguration;
			buildSettings = {
				BUNDLE_LOADER = "$(TEST_HOST)";
				FRAMEWORK_SEARCH_PATHS = (
					"$(SDKROOT)/Developer/Library/Frameworks",
					"$(inherited)",
				);
				GCC_PREPROCESSOR_DEFINITIONS = (
					"DEBUG=1",
					"$(inherited)",
				);
				INFOPLIST_FILE = FtpClientTests/Info.plist;
				LD_RUNPATH_SEARCH_PATHS = "$(inherited) @executable_path/Frameworks @loader_path/Frameworks";
				PRODUCT_NAME = "$(TARGET_NAME)";
				TEST_HOST = "$(BUILT_PRODUCTS_DIR)/FtpClient.app/FtpClient";
			};
			name = Debug;
		};
		E9224A111AD402EB001B6A92 /* Release */ = {
			isa = XCBuildConfiguration;
			buildSettings = {
				BUNDLE_LOADER = "$(TEST_HOST)";
				FRAMEWORK_SEARCH_PATHS = (
					"$(SDKROOT)/Developer/Library/Frameworks",
					"$(inherited)",
				);
				INFOPLIST_FILE = FtpClientTests/Info.plist;
				LD_RUNPATH_SEARCH_PATHS = "$(inherited) @executable_path/Frameworks @loader_path/Frameworks";
				PRODUCT_NAME = "$(TARGET_NAME)";
				TEST_HOST = "$(BUILT_PRODUCTS_DIR)/FtpClient.app/FtpClient";
			};
			name = Release;
		};
/* End XCBuildConfiguration section */

/* Begin XCConfigurationList section */
		E92249E81AD402EB001B6A92 /* Build configuration list for PBXProject "FtpClient" */ = {
			isa = XCConfigurationList;
			buildConfigurations = (
				E9224A0A1AD402EB001B6A92 /* Debug */,
				E9224A0B1AD402EB001B6A92 /* Release */,
			);
			defaultConfigurationIsVisible = 0;
			defaultConfigurationName = Release;
		};
		E9224A0C1AD402EB001B6A92 /* Build configuration list for PBXNativeTarget "FtpClient" */ = {
			isa = XCConfigurationList;
			buildConfigurations = (
				E9224A0D1AD402EB001B6A92 /* Debug */,
				E9224A0E1AD402EB001B6A92 /* Release */,
			);
			defaultConfigurationIsVisible = 0;
			defaultConfigurationName = Release;
		};
		E9224A0F1AD402EB001B6A92 /* Build configuration list for PBXNativeTarget "FtpClientTests" */ = {
			isa = XCConfigurationList;
			buildConfigurations = (
				E9224A101AD402EB001B6A92 /* Debug */,
				E9224A111AD402EB001B6A92 /* Release */,
			);
			defaultConfigurationIsVisible = 0;
			defaultConfigurationName = Release;
		};
/* End XCConfigurationList section */
	};
	rootObject = E92249E51AD402EB001B6A92 /* Project object */;
}
